
Microsoft Visual Studio Solution File, Format Version 12.00
# Visual Studio 15
VisualStudioVersion = 15.0.28010.2046
MinimumVisualStudioVersion = 10.0.40219.1
Project("{FAE04EC0-301F-11D3-BF4B-00C04F79EFBC}") = "TileWorld", "TileWorld\TileWorld.csproj", "{6005F38A-AB10-447E-AAA9-065673DE9515}"
EndProject
Project("{FAE04EC0-301F-11D3-BF4B-00C04F79EFBC}") = "TileWorldTest", "TileWorldTest\TileWorldTest.csproj", "{8D310B7D-141D-4B13-89B1-E875E80C2854}"
EndProject
Global
	GlobalSection(SolutionConfigurationPlatforms) = preSolution
		Debug|Any CPU = Debug|Any CPU
		Release|Any CPU = Release|Any CPU
	EndGlobalSection
	GlobalSection(ProjectConfigurationPlatforms) = postSolution
		{6005F38A-AB10-447E-AAA9-065673DE9515}.Debug|Any CPU.ActiveCfg = Debug|Any CPU
		{6005F38A-AB10-447E-AAA9-065673DE9515}.Debug|Any CPU.Build.0 = Debug|Any CPU
		{6005F38A-AB10-447E-AAA9-065673DE9515}.Release|Any CPU.ActiveCfg = Release|Any CPU
		{6005F38A-AB10-447E-AAA9-065673DE9515}.Release|Any CPU.Build.0 = Release|Any CPU
		{8D310B7D-141D-4B13-89B1-E875E80C2854}.Debug|Any CPU.ActiveCfg = Debug|Any CPU
		{8D310B7D-141D-4B13-89B1-E875E80C2854}.Debug|Any CPU.Build.0 = Debug|Any CPU
		{8D310B7D-141D-4B13-89B1-E875E80C2854}.Release|Any CPU.ActiveCfg = Release|Any CPU
		{8D310B7D-141D-4B13-89B1-E875E80C2854}.Release|Any CPU.Build.0 = Release|Any CPU
	EndGlobalSection
	GlobalSection(SolutionProperties) = preSolution
		HideSolutionNode = FALSE
	EndGlobalSection
	GlobalSection(ExtensibilityGlobals) = postSolution
		SolutionGuid = {E7F3BC6F-0C7D-4AB1-87AB-E8E94D8EBC15}
	EndGlobalSection
EndGlobal
